
Microsoft Visual Studio Solution File, Format Version 12.00
# Visual Studio Version 16
VisualStudioVersion = 16.0.31911.196
MinimumVisualStudioVersion = 10.0.40219.1
Project("{FAE04EC0-301F-11D3-BF4B-00C04F79EFBC}") = "CategoryAddingError", "CategoryAddingError\CategoryAddingError.csproj", "{92A7BA33-1253-48D4-B9B6-CA2AA6F77D31}"
EndProject
Global
	GlobalSection(SolutionConfigurationPlatforms) = preSolution
		Debug|Any CPU = Debug|Any CPU
		Release|Any CPU = Release|Any CPU
	EndGlobalSection
	GlobalSection(ProjectConfigurationPlatforms) = postSolution
		{92A7BA33-1253-48D4-B9B6-CA2AA6F77D31}.Debug|Any CPU.ActiveCfg = Debug|Any CPU
		{92A7BA33-1253-48D4-B9B6-CA2AA6F77D31}.Debug|Any CPU.Build.0 = Debug|Any CPU
		{92A7BA33-1253-48D4-B9B6-CA2AA6F77D31}.Release|Any CPU.ActiveCfg = Release|Any CPU
		{92A7BA33-1253-48D4-B9B6-CA2AA6F77D31}.Release|Any CPU.Build.0 = Release|Any CPU
	EndGlobalSection
	GlobalSection(SolutionProperties) = preSolution
		HideSolutionNode = FALSE
	EndGlobalSection
	GlobalSection(ExtensibilityGlobals) = postSolution
		SolutionGuid = {A03D8DB7-B34F-4512-B0B9-7A838322FC3C}
	EndGlobalSection
EndGlobal
